// !$*UTF8*$!
{
	archiveVersion = 1;
	classes = {
	};
	objectVersion = 56;
	objects = {

/* Begin PBXBuildFile section */
		8428C55C2A8213B0006B6BD1 /* Details.storyboard in Resources */ = {isa = PBXBuildFile; fileRef = 8428C5552A8213B0006B6BD1 /* Details.storyboard */; };
		8428C55D2A8213B0006B6BD1 /* DetailsViewController.swift in Sources */ = {isa = PBXBuildFile; fileRef = 8428C5562A8213B0006B6BD1 /* DetailsViewController.swift */; };
		8428C55E2A8213B0006B6BD1 /* DetailsPresenter.swift in Sources */ = {isa = PBXBuildFile; fileRef = 8428C5572A8213B0006B6BD1 /* DetailsPresenter.swift */; };
		8428C55F2A8213B0006B6BD1 /* DetailsInteractor.swift in Sources */ = {isa = PBXBuildFile; fileRef = 8428C5582A8213B0006B6BD1 /* DetailsInteractor.swift */; };
		8428C5602A8213B0006B6BD1 /* DetailsModels.swift in Sources */ = {isa = PBXBuildFile; fileRef = 8428C5592A8213B0006B6BD1 /* DetailsModels.swift */; };
		8428C5612A8213B0006B6BD1 /* DetailsWorker.swift in Sources */ = {isa = PBXBuildFile; fileRef = 8428C55A2A8213B0006B6BD1 /* DetailsWorker.swift */; };
		8428C5622A8213B0006B6BD1 /* DetailsRouter.swift in Sources */ = {isa = PBXBuildFile; fileRef = 8428C55B2A8213B0006B6BD1 /* DetailsRouter.swift */; };
		8428C5892A82523A006B6BD1 /* RickNMorty.xcdatamodeld in Sources */ = {isa = PBXBuildFile; fileRef = 8428C5872A82523A006B6BD1 /* RickNMorty.xcdatamodeld */; };
		8428C58B2A82526F006B6BD1 /* CoreDataManager.swift in Sources */ = {isa = PBXBuildFile; fileRef = 8428C58A2A82526F006B6BD1 /* CoreDataManager.swift */; };
		8428C58D2A82528C006B6BD1 /* CoreDataError.swift in Sources */ = {isa = PBXBuildFile; fileRef = 8428C58C2A82528C006B6BD1 /* CoreDataError.swift */; };
		8428C5902A825541006B6BD1 /* Character+CoreDataClass.swift in Sources */ = {isa = PBXBuildFile; fileRef = 8428C58F2A825541006B6BD1 /* Character+CoreDataClass.swift */; };
		8428C5922A82555E006B6BD1 /* Character+CoreDataProperties.swift in Sources */ = {isa = PBXBuildFile; fileRef = 8428C5912A82555E006B6BD1 /* Character+CoreDataProperties.swift */; };
		84A4ACB82A80FE1D00A08A4A /* AppDelegate.swift in Sources */ = {isa = PBXBuildFile; fileRef = 84A4ACB72A80FE1D00A08A4A /* AppDelegate.swift */; };
		84A4ACBA2A80FE1D00A08A4A /* SceneDelegate.swift in Sources */ = {isa = PBXBuildFile; fileRef = 84A4ACB92A80FE1D00A08A4A /* SceneDelegate.swift */; };
		84A4ACC12A80FE1E00A08A4A /* Assets.xcassets in Resources */ = {isa = PBXBuildFile; fileRef = 84A4ACC02A80FE1E00A08A4A /* Assets.xcassets */; };
		84A4ACC42A80FE1E00A08A4A /* LaunchScreen.storyboard in Resources */ = {isa = PBXBuildFile; fileRef = 84A4ACC22A80FE1E00A08A4A /* LaunchScreen.storyboard */; };
		84A4ACD42A80FEBA00A08A4A /* Home.storyboard in Resources */ = {isa = PBXBuildFile; fileRef = 84A4ACCD2A80FEBA00A08A4A /* Home.storyboard */; };
		84A4ACD52A80FEBA00A08A4A /* HomeViewController.swift in Sources */ = {isa = PBXBuildFile; fileRef = 84A4ACCE2A80FEBA00A08A4A /* HomeViewController.swift */; };
		84A4ACD62A80FEBA00A08A4A /* HomePresenter.swift in Sources */ = {isa = PBXBuildFile; fileRef = 84A4ACCF2A80FEBA00A08A4A /* HomePresenter.swift */; };
		84A4ACD72A80FEBA00A08A4A /* HomeInteractor.swift in Sources */ = {isa = PBXBuildFile; fileRef = 84A4ACD02A80FEBA00A08A4A /* HomeInteractor.swift */; };
		84A4ACD82A80FEBA00A08A4A /* HomeModels.swift in Sources */ = {isa = PBXBuildFile; fileRef = 84A4ACD12A80FEBA00A08A4A /* HomeModels.swift */; };
		84A4ACD92A80FEBA00A08A4A /* HomeWorker.swift in Sources */ = {isa = PBXBuildFile; fileRef = 84A4ACD22A80FEBA00A08A4A /* HomeWorker.swift */; };
		84A4ACDA2A80FEBA00A08A4A /* HomeRouter.swift in Sources */ = {isa = PBXBuildFile; fileRef = 84A4ACD32A80FEBA00A08A4A /* HomeRouter.swift */; };
		84A4ACE02A81064F00A08A4A /* HTTPClient.swift in Sources */ = {isa = PBXBuildFile; fileRef = 84A4ACDF2A81064F00A08A4A /* HTTPClient.swift */; };
		84A4ACE42A81067400A08A4A /* Endpoint.swift in Sources */ = {isa = PBXBuildFile; fileRef = 84A4ACE32A81067400A08A4A /* Endpoint.swift */; };
		84A4ACE62A81069300A08A4A /* RequestMethod.swift in Sources */ = {isa = PBXBuildFile; fileRef = 84A4ACE52A81069300A08A4A /* RequestMethod.swift */; };
		84A4ACE82A8106A600A08A4A /* RequestError.swift in Sources */ = {isa = PBXBuildFile; fileRef = 84A4ACE72A8106A600A08A4A /* RequestError.swift */; };
		84A4ACEA2A810FD100A08A4A /* CharacterEndpoint.swift in Sources */ = {isa = PBXBuildFile; fileRef = 84A4ACE92A810FD100A08A4A /* CharacterEndpoint.swift */; };
		84A4ACEE2A811A3300A08A4A /* CharacterTableViewCell.swift in Sources */ = {isa = PBXBuildFile; fileRef = 84A4ACEC2A811A3300A08A4A /* CharacterTableViewCell.swift */; };
		84A4ACEF2A811A3300A08A4A /* CharacterTableViewCell.xib in Resources */ = {isa = PBXBuildFile; fileRef = 84A4ACED2A811A3300A08A4A /* CharacterTableViewCell.xib */; };
		84A4ACF32A811DFF00A08A4A /* UIViewController+Extension.swift in Sources */ = {isa = PBXBuildFile; fileRef = 84A4ACF22A811DFF00A08A4A /* UIViewController+Extension.swift */; };
		84A4ACF52A81200000A08A4A /* UIImageView+Extension.swift in Sources */ = {isa = PBXBuildFile; fileRef = 84A4ACF42A81200000A08A4A /* UIImageView+Extension.swift */; };
/* End PBXBuildFile section */

/* Begin PBXFileReference section */
		8428C5552A8213B0006B6BD1 /* Details.storyboard */ = {isa = PBXFileReference; lastKnownFileType = file.storyboard; path = Details.storyboard; sourceTree = "<group>"; };
		8428C5562A8213B0006B6BD1 /* DetailsViewController.swift */ = {isa = PBXFileReference; lastKnownFileType = sourcecode.swift; path = DetailsViewController.swift; sourceTree = "<group>"; };
		8428C5572A8213B0006B6BD1 /* DetailsPresenter.swift */ = {isa = PBXFileReference; lastKnownFileType = sourcecode.swift; path = DetailsPresenter.swift; sourceTree = "<group>"; };
		8428C5582A8213B0006B6BD1 /* DetailsInteractor.swift */ = {isa = PBXFileReference; lastKnownFileType = sourcecode.swift; path = DetailsInteractor.swift; sourceTree = "<group>"; };
		8428C5592A8213B0006B6BD1 /* DetailsModels.swift */ = {isa = PBXFileReference; lastKnownFileType = sourcecode.swift; path = DetailsModels.swift; sourceTree = "<group>"; };
		8428C55A2A8213B0006B6BD1 /* DetailsWorker.swift */ = {isa = PBXFileReference; lastKnownFileType = sourcecode.swift; path = DetailsWorker.swift; sourceTree = "<group>"; };
		8428C55B2A8213B0006B6BD1 /* DetailsRouter.swift */ = {isa = PBXFileReference; lastKnownFileType = sourcecode.swift; path = DetailsRouter.swift; sourceTree = "<group>"; };
		8428C5882A82523A006B6BD1 /* RickNMorty.xcdatamodel */ = {isa = PBXFileReference; lastKnownFileType = wrapper.xcdatamodel; path = RickNMorty.xcdatamodel; sourceTree = "<group>"; };
		8428C58A2A82526F006B6BD1 /* CoreDataManager.swift */ = {isa = PBXFileReference; lastKnownFileType = sourcecode.swift; path = CoreDataManager.swift; sourceTree = "<group>"; };
		8428C58C2A82528C006B6BD1 /* CoreDataError.swift */ = {isa = PBXFileReference; lastKnownFileType = sourcecode.swift; path = CoreDataError.swift; sourceTree = "<group>"; };
		8428C58F2A825541006B6BD1 /* Character+CoreDataClass.swift */ = {isa = PBXFileReference; lastKnownFileType = sourcecode.swift; path = "Character+CoreDataClass.swift"; sourceTree = "<group>"; };
		8428C5912A82555E006B6BD1 /* Character+CoreDataProperties.swift */ = {isa = PBXFileReference; lastKnownFileType = sourcecode.swift; path = "Character+CoreDataProperties.swift"; sourceTree = "<group>"; };
		84A4ACB42A80FE1D00A08A4A /* RickNMorty.app */ = {isa = PBXFileReference; explicitFileType = wrapper.application; includeInIndex = 0; path = RickNMorty.app; sourceTree = BUILT_PRODUCTS_DIR; };
		84A4ACB72A80FE1D00A08A4A /* AppDelegate.swift */ = {isa = PBXFileReference; lastKnownFileType = sourcecode.swift; path = AppDelegate.swift; sourceTree = "<group>"; };
		84A4ACB92A80FE1D00A08A4A /* SceneDelegate.swift */ = {isa = PBXFileReference; lastKnownFileType = sourcecode.swift; path = SceneDelegate.swift; sourceTree = "<group>"; };
		84A4ACC02A80FE1E00A08A4A /* Assets.xcassets */ = {isa = PBXFileReference; lastKnownFileType = folder.assetcatalog; path = Assets.xcassets; sourceTree = "<group>"; };
		84A4ACC32A80FE1E00A08A4A /* Base */ = {isa = PBXFileReference; lastKnownFileType = file.storyboard; name = Base; path = Base.lproj/LaunchScreen.storyboard; sourceTree = "<group>"; };
		84A4ACC52A80FE1E00A08A4A /* Info.plist */ = {isa = PBXFileReference; lastKnownFileType = text.plist.xml; path = Info.plist; sourceTree = "<group>"; };
		84A4ACCD2A80FEBA00A08A4A /* Home.storyboard */ = {isa = PBXFileReference; lastKnownFileType = file.storyboard; path = Home.storyboard; sourceTree = "<group>"; };
		84A4ACCE2A80FEBA00A08A4A /* HomeViewController.swift */ = {isa = PBXFileReference; lastKnownFileType = sourcecode.swift; path = HomeViewController.swift; sourceTree = "<group>"; };
		84A4ACCF2A80FEBA00A08A4A /* HomePresenter.swift */ = {isa = PBXFileReference; lastKnownFileType = sourcecode.swift; path = HomePresenter.swift; sourceTree = "<group>"; };
		84A4ACD02A80FEBA00A08A4A /* HomeInteractor.swift */ = {isa = PBXFileReference; lastKnownFileType = sourcecode.swift; path = HomeInteractor.swift; sourceTree = "<group>"; };
		84A4ACD12A80FEBA00A08A4A /* HomeModels.swift */ = {isa = PBXFileReference; lastKnownFileType = sourcecode.swift; path = HomeModels.swift; sourceTree = "<group>"; };
		84A4ACD22A80FEBA00A08A4A /* HomeWorker.swift */ = {isa = PBXFileReference; lastKnownFileType = sourcecode.swift; path = HomeWorker.swift; sourceTree = "<group>"; };
		84A4ACD32A80FEBA00A08A4A /* HomeRouter.swift */ = {isa = PBXFileReference; lastKnownFileType = sourcecode.swift; path = HomeRouter.swift; sourceTree = "<group>"; };
		84A4ACDF2A81064F00A08A4A /* HTTPClient.swift */ = {isa = PBXFileReference; lastKnownFileType = sourcecode.swift; path = HTTPClient.swift; sourceTree = "<group>"; };
		84A4ACE32A81067400A08A4A /* Endpoint.swift */ = {isa = PBXFileReference; lastKnownFileType = sourcecode.swift; path = Endpoint.swift; sourceTree = "<group>"; };
		84A4ACE52A81069300A08A4A /* RequestMethod.swift */ = {isa = PBXFileReference; lastKnownFileType = sourcecode.swift; path = RequestMethod.swift; sourceTree = "<group>"; };
		84A4ACE72A8106A600A08A4A /* RequestError.swift */ = {isa = PBXFileReference; lastKnownFileType = sourcecode.swift; path = RequestError.swift; sourceTree = "<group>"; };
		84A4ACE92A810FD100A08A4A /* CharacterEndpoint.swift */ = {isa = PBXFileReference; lastKnownFileType = sourcecode.swift; path = CharacterEndpoint.swift; sourceTree = "<group>"; };
		84A4ACEC2A811A3300A08A4A /* CharacterTableViewCell.swift */ = {isa = PBXFileReference; lastKnownFileType = sourcecode.swift; path = CharacterTableViewCell.swift; sourceTree = "<group>"; };
		84A4ACED2A811A3300A08A4A /* CharacterTableViewCell.xib */ = {isa = PBXFileReference; lastKnownFileType = file.xib; path = CharacterTableViewCell.xib; sourceTree = "<group>"; };
		84A4ACF22A811DFF00A08A4A /* UIViewController+Extension.swift */ = {isa = PBXFileReference; lastKnownFileType = sourcecode.swift; path = "UIViewController+Extension.swift"; sourceTree = "<group>"; };
		84A4ACF42A81200000A08A4A /* UIImageView+Extension.swift */ = {isa = PBXFileReference; lastKnownFileType = sourcecode.swift; path = "UIImageView+Extension.swift"; sourceTree = "<group>"; };
/* End PBXFileReference section */

/* Begin PBXFrameworksBuildPhase section */
		84A4ACB12A80FE1D00A08A4A /* Frameworks */ = {
			isa = PBXFrameworksBuildPhase;
			buildActionMask = 2147483647;
			files = (
			);
			runOnlyForDeploymentPostprocessing = 0;
		};
/* End PBXFrameworksBuildPhase section */

/* Begin PBXGroup section */
		8428C5542A82138E006B6BD1 /* Details */ = {
			isa = PBXGroup;
			children = (
				8428C5552A8213B0006B6BD1 /* Details.storyboard */,
				8428C5562A8213B0006B6BD1 /* DetailsViewController.swift */,
				8428C5572A8213B0006B6BD1 /* DetailsPresenter.swift */,
				8428C5582A8213B0006B6BD1 /* DetailsInteractor.swift */,
				8428C5592A8213B0006B6BD1 /* DetailsModels.swift */,
				8428C55A2A8213B0006B6BD1 /* DetailsWorker.swift */,
				8428C55B2A8213B0006B6BD1 /* DetailsRouter.swift */,
			);
			path = Details;
			sourceTree = "<group>";
		};
		8428C5862A825205006B6BD1 /* CoreData */ = {
			isa = PBXGroup;
			children = (
				8428C58A2A82526F006B6BD1 /* CoreDataManager.swift */,
				8428C58C2A82528C006B6BD1 /* CoreDataError.swift */,
				8428C58E2A8252A0006B6BD1 /* Entities */,
				8428C5872A82523A006B6BD1 /* RickNMorty.xcdatamodeld */,
			);
			name = CoreData;
			sourceTree = "<group>";
		};
		8428C58E2A8252A0006B6BD1 /* Entities */ = {
			isa = PBXGroup;
			children = (
				8428C58F2A825541006B6BD1 /* Character+CoreDataClass.swift */,
				8428C5912A82555E006B6BD1 /* Character+CoreDataProperties.swift */,
			);
			name = Entities;
			sourceTree = "<group>";
		};
		84A4ACAB2A80FE1D00A08A4A = {
			isa = PBXGroup;
			children = (
				84A4ACB62A80FE1D00A08A4A /* RickNMorty */,
				84A4ACB52A80FE1D00A08A4A /* Products */,
			);
			sourceTree = "<group>";
		};
		84A4ACB52A80FE1D00A08A4A /* Products */ = {
			isa = PBXGroup;
			children = (
				84A4ACB42A80FE1D00A08A4A /* RickNMorty.app */,
			);
			name = Products;
			sourceTree = "<group>";
		};
		84A4ACB62A80FE1D00A08A4A /* RickNMorty */ = {
			isa = PBXGroup;
			children = (
				84A4ACDB2A81032900A08A4A /* Application */,
				84A4ACDE2A81061800A08A4A /* Networking */,
				8428C5862A825205006B6BD1 /* CoreData */,
				84A4ACF02A811DE300A08A4A /* Utils */,
				84A4ACCB2A80FE9900A08A4A /* Scenes */,
				84A4ACDC2A81035600A08A4A /* Resources */,
				84A4ACC52A80FE1E00A08A4A /* Info.plist */,
			);
			path = RickNMorty;
			sourceTree = "<group>";
		};
		84A4ACCB2A80FE9900A08A4A /* Scenes */ = {
			isa = PBXGroup;
			children = (
				84A4ACCC2A80FEA300A08A4A /* Home */,
				8428C5542A82138E006B6BD1 /* Details */,
				84A4ACC22A80FE1E00A08A4A /* LaunchScreen.storyboard */,
			);
			name = Scenes;
			sourceTree = "<group>";
		};
		84A4ACCC2A80FEA300A08A4A /* Home */ = {
			isa = PBXGroup;
			children = (
				84A4ACEB2A811A1600A08A4A /* TableView */,
				84A4ACCD2A80FEBA00A08A4A /* Home.storyboard */,
				84A4ACCE2A80FEBA00A08A4A /* HomeViewController.swift */,
				84A4ACCF2A80FEBA00A08A4A /* HomePresenter.swift */,
				84A4ACD02A80FEBA00A08A4A /* HomeInteractor.swift */,
				84A4ACD12A80FEBA00A08A4A /* HomeModels.swift */,
				84A4ACD22A80FEBA00A08A4A /* HomeWorker.swift */,
				84A4ACD32A80FEBA00A08A4A /* HomeRouter.swift */,
			);
			path = Home;
			sourceTree = "<group>";
		};
		84A4ACDB2A81032900A08A4A /* Application */ = {
			isa = PBXGroup;
			children = (
				84A4ACB72A80FE1D00A08A4A /* AppDelegate.swift */,
				84A4ACB92A80FE1D00A08A4A /* SceneDelegate.swift */,
			);
			name = Application;
			sourceTree = "<group>";
		};
		84A4ACDC2A81035600A08A4A /* Resources */ = {
			isa = PBXGroup;
			children = (
				84A4ACC02A80FE1E00A08A4A /* Assets.xcassets */,
			);
			name = Resources;
			sourceTree = "<group>";
		};
		84A4ACDE2A81061800A08A4A /* Networking */ = {
			isa = PBXGroup;
			children = (
				84A4ACE52A81069300A08A4A /* RequestMethod.swift */,
				84A4ACE72A8106A600A08A4A /* RequestError.swift */,
				84A4ACDF2A81064F00A08A4A /* HTTPClient.swift */,
				84A4ACE22A81066A00A08A4A /* Endpoint */,
				84A4ACE12A81066400A08A4A /* Responses */,
			);
			path = Networking;
			sourceTree = "<group>";
		};
		84A4ACE12A81066400A08A4A /* Responses */ = {
			isa = PBXGroup;
			children = (
			);
			path = Responses;
			sourceTree = "<group>";
		};
		84A4ACE22A81066A00A08A4A /* Endpoint */ = {
			isa = PBXGroup;
			children = (
				84A4ACE32A81067400A08A4A /* Endpoint.swift */,
				84A4ACE92A810FD100A08A4A /* CharacterEndpoint.swift */,
			);
			path = Endpoint;
			sourceTree = "<group>";
		};
		84A4ACEB2A811A1600A08A4A /* TableView */ = {
			isa = PBXGroup;
			children = (
				84A4ACEC2A811A3300A08A4A /* CharacterTableViewCell.swift */,
				84A4ACED2A811A3300A08A4A /* CharacterTableViewCell.xib */,
			);
			path = TableView;
			sourceTree = "<group>";
		};
		84A4ACF02A811DE300A08A4A /* Utils */ = {
			isa = PBXGroup;
			children = (
				84A4ACF12A811DF500A08A4A /* Extensions */,
			);
			name = Utils;
			sourceTree = "<group>";
		};
		84A4ACF12A811DF500A08A4A /* Extensions */ = {
			isa = PBXGroup;
			children = (
				84A4ACF22A811DFF00A08A4A /* UIViewController+Extension.swift */,
				84A4ACF42A81200000A08A4A /* UIImageView+Extension.swift */,
			);
			name = Extensions;
			sourceTree = "<group>";
		};
/* End PBXGroup section */

/* Begin PBXNativeTarget section */
		84A4ACB32A80FE1D00A08A4A /* RickNMorty */ = {
			isa = PBXNativeTarget;
			buildConfigurationList = 84A4ACC82A80FE1E00A08A4A /* Build configuration list for PBXNativeTarget "RickNMorty" */;
			buildPhases = (
				84A4ACB02A80FE1D00A08A4A /* Sources */,
				84A4ACB12A80FE1D00A08A4A /* Frameworks */,
				84A4ACB22A80FE1D00A08A4A /* Resources */,
			);
			buildRules = (
			);
			dependencies = (
			);
			name = RickNMorty;
			productName = RickNMorty;
			productReference = 84A4ACB42A80FE1D00A08A4A /* RickNMorty.app */;
			productType = "com.apple.product-type.application";
		};
/* End PBXNativeTarget section */

/* Begin PBXProject section */
		84A4ACAC2A80FE1D00A08A4A /* Project object */ = {
			isa = PBXProject;
			attributes = {
				BuildIndependentTargetsInParallel = 1;
				LastSwiftUpdateCheck = 1430;
				LastUpgradeCheck = 1430;
				TargetAttributes = {
					84A4ACB32A80FE1D00A08A4A = {
						CreatedOnToolsVersion = 14.3.1;
					};
				};
			};
			buildConfigurationList = 84A4ACAF2A80FE1D00A08A4A /* Build configuration list for PBXProject "RickNMorty" */;
			compatibilityVersion = "Xcode 14.0";
			developmentRegion = en;
			hasScannedForEncodings = 0;
			knownRegions = (
				en,
				Base,
			);
			mainGroup = 84A4ACAB2A80FE1D00A08A4A;
			productRefGroup = 84A4ACB52A80FE1D00A08A4A /* Products */;
			projectDirPath = "";
			projectRoot = "";
			targets = (
				84A4ACB32A80FE1D00A08A4A /* RickNMorty */,
			);
		};
/* End PBXProject section */

/* Begin PBXResourcesBuildPhase section */
		84A4ACB22A80FE1D00A08A4A /* Resources */ = {
			isa = PBXResourcesBuildPhase;
			buildActionMask = 2147483647;
			files = (
				8428C55C2A8213B0006B6BD1 /* Details.storyboard in Resources */,
				84A4ACC42A80FE1E00A08A4A /* LaunchScreen.storyboard in Resources */,
				84A4ACC12A80FE1E00A08A4A /* Assets.xcassets in Resources */,
				84A4ACD42A80FEBA00A08A4A /* Home.storyboard in Resources */,
				84A4ACEF2A811A3300A08A4A /* CharacterTableViewCell.xib in Resources */,
			);
			runOnlyForDeploymentPostprocessing = 0;
		};
/* End PBXResourcesBuildPhase section */

/* Begin PBXSourcesBuildPhase section */
		84A4ACB02A80FE1D00A08A4A /* Sources */ = {
			isa = PBXSourcesBuildPhase;
			buildActionMask = 2147483647;
			files = (
				84A4ACB82A80FE1D00A08A4A /* AppDelegate.swift in Sources */,
				84A4ACEE2A811A3300A08A4A /* CharacterTableViewCell.swift in Sources */,
				84A4ACBA2A80FE1D00A08A4A /* SceneDelegate.swift in Sources */,
				84A4ACD72A80FEBA00A08A4A /* HomeInteractor.swift in Sources */,
				8428C5892A82523A006B6BD1 /* RickNMorty.xcdatamodeld in Sources */,
				8428C5612A8213B0006B6BD1 /* DetailsWorker.swift in Sources */,
				8428C58B2A82526F006B6BD1 /* CoreDataManager.swift in Sources */,
				84A4ACD62A80FEBA00A08A4A /* HomePresenter.swift in Sources */,
				84A4ACE42A81067400A08A4A /* Endpoint.swift in Sources */,
				8428C55F2A8213B0006B6BD1 /* DetailsInteractor.swift in Sources */,
				84A4ACE62A81069300A08A4A /* RequestMethod.swift in Sources */,
				84A4ACD52A80FEBA00A08A4A /* HomeViewController.swift in Sources */,
				8428C58D2A82528C006B6BD1 /* CoreDataError.swift in Sources */,
				84A4ACE02A81064F00A08A4A /* HTTPClient.swift in Sources */,
				8428C5922A82555E006B6BD1 /* Character+CoreDataProperties.swift in Sources */,
				8428C5622A8213B0006B6BD1 /* DetailsRouter.swift in Sources */,
				8428C55D2A8213B0006B6BD1 /* DetailsViewController.swift in Sources */,
				84A4ACE82A8106A600A08A4A /* RequestError.swift in Sources */,
				8428C5902A825541006B6BD1 /* Character+CoreDataClass.swift in Sources */,
				84A4ACF52A81200000A08A4A /* UIImageView+Extension.swift in Sources */,
				84A4ACEA2A810FD100A08A4A /* CharacterEndpoint.swift in Sources */,
				84A4ACD92A80FEBA00A08A4A /* HomeWorker.swift in Sources */,
				84A4ACDA2A80FEBA00A08A4A /* HomeRouter.swift in Sources */,
				8428C5602A8213B0006B6BD1 /* DetailsModels.swift in Sources */,
				84A4ACD82A80FEBA00A08A4A /* HomeModels.swift in Sources */,
				84A4ACF32A811DFF00A08A4A /* UIViewController+Extension.swift in Sources */,
				8428C55E2A8213B0006B6BD1 /* DetailsPresenter.swift in Sources */,
			);
			runOnlyForDeploymentPostprocessing = 0;
		};
/* End PBXSourcesBuildPhase section */

/* Begin PBXVariantGroup section */
		84A4ACC22A80FE1E00A08A4A /* LaunchScreen.storyboard */ = {
			isa = PBXVariantGroup;
			children = (
				84A4ACC32A80FE1E00A08A4A /* Base */,
			);
			name = LaunchScreen.storyboard;
			sourceTree = "<group>";
		};
/* End PBXVariantGroup section */

/* Begin XCBuildConfiguration section */
		84A4ACC62A80FE1E00A08A4A /* Debug */ = {
			isa = XCBuildConfiguration;
			buildSettings = {
				ALWAYS_SEARCH_USER_PATHS = NO;
				CLANG_ANALYZER_NONNULL = YES;
				CLANG_ANALYZER_NUMBER_OBJECT_CONVERSION = YES_AGGRESSIVE;
				CLANG_CXX_LANGUAGE_STANDARD = "gnu++20";
				CLANG_ENABLE_MODULES = YES;
				CLANG_ENABLE_OBJC_ARC = YES;
				CLANG_ENABLE_OBJC_WEAK = YES;
				CLANG_WARN_BLOCK_CAPTURE_AUTORELEASING = YES;
				CLANG_WARN_BOOL_CONVERSION = YES;
				CLANG_WARN_COMMA = YES;
				CLANG_WARN_CONSTANT_CONVERSION = YES;
				CLANG_WARN_DEPRECATED_OBJC_IMPLEMENTATIONS = YES;
				CLANG_WARN_DIRECT_OBJC_ISA_USAGE = YES_ERROR;
				CLANG_WARN_DOCUMENTATION_COMMENTS = YES;
				CLANG_WARN_EMPTY_BODY = YES;
				CLANG_WARN_ENUM_CONVERSION = YES;
				CLANG_WARN_INFINITE_RECURSION = YES;
				CLANG_WARN_INT_CONVERSION = YES;
				CLANG_WARN_NON_LITERAL_NULL_CONVERSION = YES;
				CLANG_WARN_OBJC_IMPLICIT_RETAIN_SELF = YES;
				CLANG_WARN_OBJC_LITERAL_CONVERSION = YES;
				CLANG_WARN_OBJC_ROOT_CLASS = YES_ERROR;
				CLANG_WARN_QUOTED_INCLUDE_IN_FRAMEWORK_HEADER = YES;
				CLANG_WARN_RANGE_LOOP_ANALYSIS = YES;
				CLANG_WARN_STRICT_PROTOTYPES = YES;
				CLANG_WARN_SUSPICIOUS_MOVE = YES;
				CLANG_WARN_UNGUARDED_AVAILABILITY = YES_AGGRESSIVE;
				CLANG_WARN_UNREACHABLE_CODE = YES;
				CLANG_WARN__DUPLICATE_METHOD_MATCH = YES;
				COPY_PHASE_STRIP = NO;
				DEBUG_INFORMATION_FORMAT = dwarf;
				ENABLE_STRICT_OBJC_MSGSEND = YES;
				ENABLE_TESTABILITY = YES;
				GCC_C_LANGUAGE_STANDARD = gnu11;
				GCC_DYNAMIC_NO_PIC = NO;
				GCC_NO_COMMON_BLOCKS = YES;
				GCC_OPTIMIZATION_LEVEL = 0;
				GCC_PREPROCESSOR_DEFINITIONS = (
					"DEBUG=1",
					"$(inherited)",
				);
				GCC_WARN_64_TO_32_BIT_CONVERSION = YES;
				GCC_WARN_ABOUT_RETURN_TYPE = YES_ERROR;
				GCC_WARN_UNDECLARED_SELECTOR = YES;
				GCC_WARN_UNINITIALIZED_AUTOS = YES_AGGRESSIVE;
				GCC_WARN_UNUSED_FUNCTION = YES;
				GCC_WARN_UNUSED_VARIABLE = YES;
				IPHONEOS_DEPLOYMENT_TARGET = 16.4;
				MTL_ENABLE_DEBUG_INFO = INCLUDE_SOURCE;
				MTL_FAST_MATH = YES;
				ONLY_ACTIVE_ARCH = YES;
				SDKROOT = iphoneos;
				SWIFT_ACTIVE_COMPILATION_CONDITIONS = DEBUG;
				SWIFT_OPTIMIZATION_LEVEL = "-Onone";
			};
			name = Debug;
		};
		84A4ACC72A80FE1E00A08A4A /* Release */ = {
			isa = XCBuildConfiguration;
			buildSettings = {
				ALWAYS_SEARCH_USER_PATHS = NO;
				CLANG_ANALYZER_NONNULL = YES;
				CLANG_ANALYZER_NUMBER_OBJECT_CONVERSION = YES_AGGRESSIVE;
				CLANG_CXX_LANGUAGE_STANDARD = "gnu++20";
				CLANG_ENABLE_MODULES = YES;
				CLANG_ENABLE_OBJC_ARC = YES;
				CLANG_ENABLE_OBJC_WEAK = YES;
				CLANG_WARN_BLOCK_CAPTURE_AUTORELEASING = YES;
				CLANG_WARN_BOOL_CONVERSION = YES;
				CLANG_WARN_COMMA = YES;
				CLANG_WARN_CONSTANT_CONVERSION = YES;
				CLANG_WARN_DEPRECATED_OBJC_IMPLEMENTATIONS = YES;
				CLANG_WARN_DIRECT_OBJC_ISA_USAGE = YES_ERROR;
				CLANG_WARN_DOCUMENTATION_COMMENTS = YES;
				CLANG_WARN_EMPTY_BODY = YES;
				CLANG_WARN_ENUM_CONVERSION = YES;
				CLANG_WARN_INFINITE_RECURSION = YES;
				CLANG_WARN_INT_CONVERSION = YES;
				CLANG_WARN_NON_LITERAL_NULL_CONVERSION = YES;
				CLANG_WARN_OBJC_IMPLICIT_RETAIN_SELF = YES;
				CLANG_WARN_OBJC_LITERAL_CONVERSION = YES;
				CLANG_WARN_OBJC_ROOT_CLASS = YES_ERROR;
				CLANG_WARN_QUOTED_INCLUDE_IN_FRAMEWORK_HEADER = YES;
				CLANG_WARN_RANGE_LOOP_ANALYSIS = YES;
				CLANG_WARN_STRICT_PROTOTYPES = YES;
				CLANG_WARN_SUSPICIOUS_MOVE = YES;
				CLANG_WARN_UNGUARDED_AVAILABILITY = YES_AGGRESSIVE;
				CLANG_WARN_UNREACHABLE_CODE = YES;
				CLANG_WARN__DUPLICATE_METHOD_MATCH = YES;
				COPY_PHASE_STRIP = NO;
				DEBUG_INFORMATION_FORMAT = "dwarf-with-dsym";
				ENABLE_NS_ASSERTIONS = NO;
				ENABLE_STRICT_OBJC_MSGSEND = YES;
				GCC_C_LANGUAGE_STANDARD = gnu11;
				GCC_NO_COMMON_BLOCKS = YES;
				GCC_WARN_64_TO_32_BIT_CONVERSION = YES;
				GCC_WARN_ABOUT_RETURN_TYPE = YES_ERROR;
				GCC_WARN_UNDECLARED_SELECTOR = YES;
				GCC_WARN_UNINITIALIZED_AUTOS = YES_AGGRESSIVE;
				GCC_WARN_UNUSED_FUNCTION = YES;
				GCC_WARN_UNUSED_VARIABLE = YES;
				IPHONEOS_DEPLOYMENT_TARGET = 16.4;
				MTL_ENABLE_DEBUG_INFO = NO;
				MTL_FAST_MATH = YES;
				SDKROOT = iphoneos;
				SWIFT_COMPILATION_MODE = wholemodule;
				SWIFT_OPTIMIZATION_LEVEL = "-O";
				VALIDATE_PRODUCT = YES;
			};
			name = Release;
		};
		84A4ACC92A80FE1E00A08A4A /* Debug */ = {
			isa = XCBuildConfiguration;
			buildSettings = {
				ASSETCATALOG_COMPILER_APPICON_NAME = AppIcon;
				ASSETCATALOG_COMPILER_GLOBAL_ACCENT_COLOR_NAME = AccentColor;
				CODE_SIGN_STYLE = Automatic;
				CURRENT_PROJECT_VERSION = 1;
				DEVELOPMENT_TEAM = 23JT2Q6K2U;
				GENERATE_INFOPLIST_FILE = YES;
				INFOPLIST_FILE = RickNMorty/Info.plist;
				INFOPLIST_KEY_UIApplicationSupportsIndirectInputEvents = YES;
				INFOPLIST_KEY_UILaunchStoryboardName = LaunchScreen;
				INFOPLIST_KEY_UIMainStoryboardFile = Home;
				INFOPLIST_KEY_UISupportedInterfaceOrientations_iPad = "UIInterfaceOrientationPortrait UIInterfaceOrientationPortraitUpsideDown UIInterfaceOrientationLandscapeLeft UIInterfaceOrientationLandscapeRight";
				INFOPLIST_KEY_UISupportedInterfaceOrientations_iPhone = "UIInterfaceOrientationPortrait UIInterfaceOrientationLandscapeLeft UIInterfaceOrientationLandscapeRight";
				LD_RUNPATH_SEARCH_PATHS = (
					"$(inherited)",
					"@executable_path/Frameworks",
				);
				MARKETING_VERSION = 1.0;
				PRODUCT_BUNDLE_IDENTIFIER = cem.RickNMorty;
				PRODUCT_NAME = "$(TARGET_NAME)";
				SWIFT_EMIT_LOC_STRINGS = YES;
				SWIFT_VERSION = 5.0;
				TARGETED_DEVICE_FAMILY = "1,2";
			};
			name = Debug;
		};
		84A4ACCA2A80FE1E00A08A4A /* Release */ = {
			isa = XCBuildConfiguration;
			buildSettings = {
				ASSETCATALOG_COMPILER_APPICON_NAME = AppIcon;
				ASSETCATALOG_COMPILER_GLOBAL_ACCENT_COLOR_NAME = AccentColor;
				CODE_SIGN_STYLE = Automatic;
				CURRENT_PROJECT_VERSION = 1;
				DEVELOPMENT_TEAM = 23JT2Q6K2U;
				GENERATE_INFOPLIST_FILE = YES;
				INFOPLIST_FILE = RickNMorty/Info.plist;
				INFOPLIST_KEY_UIApplicationSupportsIndirectInputEvents = YES;
				INFOPLIST_KEY_UILaunchStoryboardName = LaunchScreen;
				INFOPLIST_KEY_UIMainStoryboardFile = Home;
				INFOPLIST_KEY_UISupportedInterfaceOrientations_iPad = "UIInterfaceOrientationPortrait UIInterfaceOrientationPortraitUpsideDown UIInterfaceOrientationLandscapeLeft UIInterfaceOrientationLandscapeRight";
				INFOPLIST_KEY_UISupportedInterfaceOrientations_iPhone = "UIInterfaceOrientationPortrait UIInterfaceOrientationLandscapeLeft UIInterfaceOrientationLandscapeRight";
				LD_RUNPATH_SEARCH_PATHS = (
					"$(inherited)",
					"@executable_path/Frameworks",
				);
				MARKETING_VERSION = 1.0;
				PRODUCT_BUNDLE_IDENTIFIER = cem.RickNMorty;
				PRODUCT_NAME = "$(TARGET_NAME)";
				SWIFT_EMIT_LOC_STRINGS = YES;
				SWIFT_VERSION = 5.0;
				TARGETED_DEVICE_FAMILY = "1,2";
			};
			name = Release;
		};
/* End XCBuildConfiguration section */

/* Begin XCConfigurationList section */
		84A4ACAF2A80FE1D00A08A4A /* Build configuration list for PBXProject "RickNMorty" */ = {
			isa = XCConfigurationList;
			buildConfigurations = (
				84A4ACC62A80FE1E00A08A4A /* Debug */,
				84A4ACC72A80FE1E00A08A4A /* Release */,
			);
			defaultConfigurationIsVisible = 0;
			defaultConfigurationName = Release;
		};
		84A4ACC82A80FE1E00A08A4A /* Build configuration list for PBXNativeTarget "RickNMorty" */ = {
			isa = XCConfigurationList;
			buildConfigurations = (
				84A4ACC92A80FE1E00A08A4A /* Debug */,
				84A4ACCA2A80FE1E00A08A4A /* Release */,
			);
			defaultConfigurationIsVisible = 0;
			defaultConfigurationName = Release;
		};
/* End XCConfigurationList section */

/* Begin XCVersionGroup section */
		8428C5872A82523A006B6BD1 /* RickNMorty.xcdatamodeld */ = {
			isa = XCVersionGroup;
			children = (
				8428C5882A82523A006B6BD1 /* RickNMorty.xcdatamodel */,
			);
			currentVersion = 8428C5882A82523A006B6BD1 /* RickNMorty.xcdatamodel */;
			path = RickNMorty.xcdatamodeld;
			sourceTree = "<group>";
			versionGroupType = wrapper.xcdatamodel;
		};
/* End XCVersionGroup section */
	};
	rootObject = 84A4ACAC2A80FE1D00A08A4A /* Project object */;
}
